// !$*UTF8*$!
{
	archiveVersion = 1;
	classes = {
	};
	objectVersion = 46;
	objects = {

/* Begin PBXBuildFile section */
		FA56C4001CE95C870048B42A /* main.m in Sources */ = {isa = PBXBuildFile; fileRef = FA56C3FF1CE95C870048B42A /* main.m */; };
		FA56C4031CE95C870048B42A /* AppDelegate.m in Sources */ = {isa = PBXBuildFile; fileRef = FA56C4021CE95C870048B42A /* AppDelegate.m */; };
		FA56C4061CE95C870048B42A /* ViewController.m in Sources */ = {isa = PBXBuildFile; fileRef = FA56C4051CE95C870048B42A /* ViewController.m */; };
		FA56C4091CE95C870048B42A /* Main.storyboard in Resources */ = {isa = PBXBuildFile; fileRef = FA56C4071CE95C870048B42A /* Main.storyboard */; };
		FA56C40B1CE95C870048B42A /* Assets.xcassets in Resources */ = {isa = PBXBuildFile; fileRef = FA56C40A1CE95C870048B42A /* Assets.xcassets */; };
		FA56C40E1CE95C870048B42A /* LaunchScreen.storyboard in Resources */ = {isa = PBXBuildFile; fileRef = FA56C40C1CE95C870048B42A /* LaunchScreen.storyboard */; };
		FA56C4191CE95C870048B42A /* ____Tests.m in Sources */ = {isa = PBXBuildFile; fileRef = FA56C4181CE95C870048B42A /* ____Tests.m */; };
		FA56C4241CE95C870048B42A /* ____UITests.m in Sources */ = {isa = PBXBuildFile; fileRef = FA56C4231CE95C870048B42A /* ____UITests.m */; };
		FAED59B31CE9642500EF7D4A /* UMMobClick.framework in Frameworks */ = {isa = PBXBuildFile; fileRef = FAED59B21CE9642500EF7D4A /* UMMobClick.framework */; };
		FAED59B51CE9647A00EF7D4A /* CoreTelephony.framework in Frameworks */ = {isa = PBXBuildFile; fileRef = FAED59B41CE9647A00EF7D4A /* CoreTelephony.framework */; };
		FAED59B71CE9648D00EF7D4A /* libz.tbd in Frameworks */ = {isa = PBXBuildFile; fileRef = FAED59B61CE9648D00EF7D4A /* libz.tbd */; };
		FAED59B91CE964AD00EF7D4A /* libsqlite3.tbd in Frameworks */ = {isa = PBXBuildFile; fileRef = FAED59B81CE964AD00EF7D4A /* libsqlite3.tbd */; };
		FAED59BB1CE964D000EF7D4A /* Security.framework in Frameworks */ = {isa = PBXBuildFile; fileRef = FAED59BA1CE964D000EF7D4A /* Security.framework */; };
/* End PBXBuildFile section */

/* Begin PBXContainerItemProxy section */
		FA56C4151CE95C870048B42A /* PBXContainerItemProxy */ = {
			isa = PBXContainerItemProxy;
			containerPortal = FA56C3F31CE95C870048B42A /* Project object */;
			proxyType = 1;
			remoteGlobalIDString = FA56C3FA1CE95C870048B42A;
			remoteInfo = "友盟统计";
		};
		FA56C4201CE95C870048B42A /* PBXContainerItemProxy */ = {
			isa = PBXContainerItemProxy;
			containerPortal = FA56C3F31CE95C870048B42A /* Project object */;
			proxyType = 1;
			remoteGlobalIDString = FA56C3FA1CE95C870048B42A;
			remoteInfo = "友盟统计";
		};
/* End PBXContainerItemProxy section */

/* Begin PBXFileReference section */
		FA56C3FB1CE95C870048B42A /* 友盟统计.app */ = {isa = PBXFileReference; explicitFileType = wrapper.application; includeInIndex = 0; path = "友盟统计.app"; sourceTree = BUILT_PRODUCTS_DIR; };
		FA56C3FF1CE95C870048B42A /* main.m */ = {isa = PBXFileReference; lastKnownFileType = sourcecode.c.objc; path = main.m; sourceTree = "<group>"; };
		FA56C4011CE95C870048B42A /* AppDelegate.h */ = {isa = PBXFileReference; lastKnownFileType = sourcecode.c.h; path = AppDelegate.h; sourceTree = "<group>"; };
		FA56C4021CE95C870048B42A /* AppDelegate.m */ = {isa = PBXFileReference; lastKnownFileType = sourcecode.c.objc; path = AppDelegate.m; sourceTree = "<group>"; };
		FA56C4041CE95C870048B42A /* ViewController.h */ = {isa = PBXFileReference; lastKnownFileType = sourcecode.c.h; path = ViewController.h; sourceTree = "<group>"; };
		FA56C4051CE95C870048B42A /* ViewController.m */ = {isa = PBXFileReference; lastKnownFileType = sourcecode.c.objc; path = ViewController.m; sourceTree = "<group>"; };
		FA56C4081CE95C870048B42A /* Base */ = {isa = PBXFileReference; lastKnownFileType = file.storyboard; name = Base; path = Base.lproj/Main.storyboard; sourceTree = "<group>"; };
		FA56C40A1CE95C870048B42A /* Assets.xcassets */ = {isa = PBXFileReference; lastKnownFileType = folder.assetcatalog; path = Assets.xcassets; sourceTree = "<group>"; };
		FA56C40D1CE95C870048B42A /* Base */ = {isa = PBXFileReference; lastKnownFileType = file.storyboard; name = Base; path = Base.lproj/LaunchScreen.storyboard; sourceTree = "<group>"; };
		FA56C40F1CE95C870048B42A /* Info.plist */ = {isa = PBXFileReference; lastKnownFileType = text.plist.xml; path = Info.plist; sourceTree = "<group>"; };
		FA56C4141CE95C870048B42A /* 友盟统计Tests.xctest */ = {isa = PBXFileReference; explicitFileType = wrapper.cfbundle; includeInIndex = 0; path = "友盟统计Tests.xctest"; sourceTree = BUILT_PRODUCTS_DIR; };
		FA56C4181CE95C870048B42A /* ____Tests.m */ = {isa = PBXFileReference; lastKnownFileType = sourcecode.c.objc; path = "____Tests.m"; sourceTree = "<group>"; };
		FA56C41A1CE95C870048B42A /* Info.plist */ = {isa = PBXFileReference; lastKnownFileType = text.plist.xml; path = Info.plist; sourceTree = "<group>"; };
		FA56C41F1CE95C870048B42A /* 友盟统计UITests.xctest */ = {isa = PBXFileReference; explicitFileType = wrapper.cfbundle; includeInIndex = 0; path = "友盟统计UITests.xctest"; sourceTree = BUILT_PRODUCTS_DIR; };
		FA56C4231CE95C870048B42A /* ____UITests.m */ = {isa = PBXFileReference; lastKnownFileType = sourcecode.c.objc; path = "____UITests.m"; sourceTree = "<group>"; };
		FA56C4251CE95C870048B42A /* Info.plist */ = {isa = PBXFileReference; lastKnownFileType = text.plist.xml; path = Info.plist; sourceTree = "<group>"; };
		FAED59B21CE9642500EF7D4A /* UMMobClick.framework */ = {isa = PBXFileReference; lastKnownFileType = wrapper.framework; path = UMMobClick.framework; sourceTree = "<group>"; };
		FAED59B41CE9647A00EF7D4A /* CoreTelephony.framework */ = {isa = PBXFileReference; lastKnownFileType = wrapper.framework; name = CoreTelephony.framework; path = System/Library/Frameworks/CoreTelephony.framework; sourceTree = SDKROOT; };
		FAED59B61CE9648D00EF7D4A /* libz.tbd */ = {isa = PBXFileReference; lastKnownFileType = "sourcecode.text-based-dylib-definition"; name = libz.tbd; path = usr/lib/libz.tbd; sourceTree = SDKROOT; };
		FAED59B81CE964AD00EF7D4A /* libsqlite3.tbd */ = {isa = PBXFileReference; lastKnownFileType = "sourcecode.text-based-dylib-definition"; name = libsqlite3.tbd; path = usr/lib/libsqlite3.tbd; sourceTree = SDKROOT; };
		FAED59BA1CE964D000EF7D4A /* Security.framework */ = {isa = PBXFileReference; lastKnownFileType = wrapper.framework; name = Security.framework; path = System/Library/Frameworks/Security.framework; sourceTree = SDKROOT; };
		FAED59BC1CE9659900EF7D4A /* PrefixHeader.pch */ = {isa = PBXFileReference; lastKnownFileType = sourcecode.c.h; path = PrefixHeader.pch; sourceTree = "<group>"; };
/* End PBXFileReference section */

/* Begin PBXFrameworksBuildPhase section */
		FA56C3F81CE95C870048B42A /* Frameworks */ = {
			isa = PBXFrameworksBuildPhase;
			buildActionMask = 2147483647;
			files = (
				FAED59BB1CE964D000EF7D4A /* Security.framework in Frameworks */,
				FAED59B91CE964AD00EF7D4A /* libsqlite3.tbd in Frameworks */,
				FAED59B71CE9648D00EF7D4A /* libz.tbd in Frameworks */,
				FAED59B51CE9647A00EF7D4A /* CoreTelephony.framework in Frameworks */,
				FAED59B31CE9642500EF7D4A /* UMMobClick.framework in Frameworks */,
			);
			runOnlyForDeploymentPostprocessing = 0;
		};
		FA56C4111CE95C870048B42A /* Frameworks */ = {
			isa = PBXFrameworksBuildPhase;
			buildActionMask = 2147483647;
			files = (
			);
			runOnlyForDeploymentPostprocessing = 0;
		};
		FA56C41C1CE95C870048B42A /* Frameworks */ = {
			isa = PBXFrameworksBuildPhase;
			buildActionMask = 2147483647;
			files = (
			);
			runOnlyForDeploymentPostprocessing = 0;
		};
/* End PBXFrameworksBuildPhase section */

/* Begin PBXGroup section */
		FA56C3F21CE95C870048B42A = {
			isa = PBXGroup;
			children = (
				FAED59BA1CE964D000EF7D4A /* Security.framework */,
				FAED59B81CE964AD00EF7D4A /* libsqlite3.tbd */,
				FAED59B61CE9648D00EF7D4A /* libz.tbd */,
				FAED59B41CE9647A00EF7D4A /* CoreTelephony.framework */,
				FA56C3FD1CE95C870048B42A /* 友盟统计 */,
				FA56C4171CE95C870048B42A /* 友盟统计Tests */,
				FA56C4221CE95C870048B42A /* 友盟统计UITests */,
				FA56C3FC1CE95C870048B42A /* Products */,
			);
			sourceTree = "<group>";
		};
		FA56C3FC1CE95C870048B42A /* Products */ = {
			isa = PBXGroup;
			children = (
				FA56C3FB1CE95C870048B42A /* 友盟统计.app */,
				FA56C4141CE95C870048B42A /* 友盟统计Tests.xctest */,
				FA56C41F1CE95C870048B42A /* 友盟统计UITests.xctest */,
			);
			name = Products;
			sourceTree = "<group>";
		};
		FA56C3FD1CE95C870048B42A /* 友盟统计 */ = {
			isa = PBXGroup;
			children = (
				FAED59B21CE9642500EF7D4A /* UMMobClick.framework */,
				FA56C4011CE95C870048B42A /* AppDelegate.h */,
				FA56C4021CE95C870048B42A /* AppDelegate.m */,
				FA56C4041CE95C870048B42A /* ViewController.h */,
				FA56C4051CE95C870048B42A /* ViewController.m */,
				FA56C4071CE95C870048B42A /* Main.storyboard */,
				FA56C40A1CE95C870048B42A /* Assets.xcassets */,
				FA56C40C1CE95C870048B42A /* LaunchScreen.storyboard */,
				FAED59BC1CE9659900EF7D4A /* PrefixHeader.pch */,
				FA56C40F1CE95C870048B42A /* Info.plist */,
				FA56C3FE1CE95C870048B42A /* Supporting Files */,
			);
			path = "友盟统计";
			sourceTree = "<group>";
		};
		FA56C3FE1CE95C870048B42A /* Supporting Files */ = {
			isa = PBXGroup;
			children = (
				FA56C3FF1CE95C870048B42A /* main.m */,
			);
			name = "Supporting Files";
			sourceTree = "<group>";
		};
		FA56C4171CE95C870048B42A /* 友盟统计Tests */ = {
			isa = PBXGroup;
			children = (
				FA56C4181CE95C870048B42A /* ____Tests.m */,
				FA56C41A1CE95C870048B42A /* Info.plist */,
			);
			path = "友盟统计Tests";
			sourceTree = "<group>";
		};
		FA56C4221CE95C870048B42A /* 友盟统计UITests */ = {
			isa = PBXGroup;
			children = (
				FA56C4231CE95C870048B42A /* ____UITests.m */,
				FA56C4251CE95C870048B42A /* Info.plist */,
			);
			path = "友盟统计UITests";
			sourceTree = "<group>";
		};
/* End PBXGroup section */

/* Begin PBXNativeTarget section */
		FA56C3FA1CE95C870048B42A /* 友盟统计 */ = {
			isa = PBXNativeTarget;
			buildConfigurationList = FA56C4281CE95C870048B42A /* Build configuration list for PBXNativeTarget "友盟统计" */;
			buildPhases = (
				FA56C3F71CE95C870048B42A /* Sources */,
				FA56C3F81CE95C870048B42A /* Frameworks */,
				FA56C3F91CE95C870048B42A /* Resources */,
			);
			buildRules = (
			);
			dependencies = (
			);
			name = "友盟统计";
			productName = "友盟统计";
			productReference = FA56C3FB1CE95C870048B42A /* 友盟统计.app */;
			productType = "com.apple.product-type.application";
		};
		FA56C4131CE95C870048B42A /* 友盟统计Tests */ = {
			isa = PBXNativeTarget;
			buildConfigurationList = FA56C42B1CE95C870048B42A /* Build configuration list for PBXNativeTarget "友盟统计Tests" */;
			buildPhases = (
				FA56C4101CE95C870048B42A /* Sources */,
				FA56C4111CE95C870048B42A /* Frameworks */,
				FA56C4121CE95C870048B42A /* Resources */,
			);
			buildRules = (
			);
			dependencies = (
				FA56C4161CE95C870048B42A /* PBXTargetDependency */,
			);
			name = "友盟统计Tests";
			productName = "友盟统计Tests";
			productReference = FA56C4141CE95C870048B42A /* 友盟统计Tests.xctest */;
			productType = "com.apple.product-type.bundle.unit-test";
		};
		FA56C41E1CE95C870048B42A /* 友盟统计UITests */ = {
			isa = PBXNativeTarget;
			buildConfigurationList = FA56C42E1CE95C870048B42A /* Build configuration list for PBXNativeTarget "友盟统计UITests" */;
			buildPhases = (
				FA56C41B1CE95C870048B42A /* Sources */,
				FA56C41C1CE95C870048B42A /* Frameworks */,
				FA56C41D1CE95C870048B42A /* Resources */,
			);
			buildRules = (
			);
			dependencies = (
				FA56C4211CE95C870048B42A /* PBXTargetDependency */,
			);
			name = "友盟统计UITests";
			productName = "友盟统计UITests";
			productReference = FA56C41F1CE95C870048B42A /* 友盟统计UITests.xctest */;
			productType = "com.apple.product-type.bundle.ui-testing";
		};
/* End PBXNativeTarget section */

/* Begin PBXProject section */
		FA56C3F31CE95C870048B42A /* Project object */ = {
			isa = PBXProject;
			attributes = {
				LastUpgradeCheck = 0730;
				ORGANIZATIONNAME = "赵宏亚";
				TargetAttributes = {
					FA56C3FA1CE95C870048B42A = {
						CreatedOnToolsVersion = 7.3;
					};
					FA56C4131CE95C870048B42A = {
						CreatedOnToolsVersion = 7.3;
						TestTargetID = FA56C3FA1CE95C870048B42A;
					};
					FA56C41E1CE95C870048B42A = {
						CreatedOnToolsVersion = 7.3;
						TestTargetID = FA56C3FA1CE95C870048B42A;
					};
				};
			};
			buildConfigurationList = FA56C3F61CE95C870048B42A /* Build configuration list for PBXProject "友盟统计" */;
			compatibilityVersion = "Xcode 3.2";
			developmentRegion = English;
			hasScannedForEncodings = 0;
			knownRegions = (
				en,
				Base,
			);
			mainGroup = FA56C3F21CE95C870048B42A;
			productRefGroup = FA56C3FC1CE95C870048B42A /* Products */;
			projectDirPath = "";
			projectRoot = "";
			targets = (
				FA56C3FA1CE95C870048B42A /* 友盟统计 */,
				FA56C4131CE95C870048B42A /* 友盟统计Tests */,
				FA56C41E1CE95C870048B42A /* 友盟统计UITests */,
			);
		};
/* End PBXProject section */

/* Begin PBXResourcesBuildPhase section */
		FA56C3F91CE95C870048B42A /* Resources */ = {
			isa = PBXResourcesBuildPhase;
			buildActionMask = 2147483647;
			files = (
				FA56C40E1CE95C870048B42A /* LaunchScreen.storyboard in Resources */,
				FA56C40B1CE95C870048B42A /* Assets.xcassets in Resources */,
				FA56C4091CE95C870048B42A /* Main.storyboard in Resources */,
			);
			runOnlyForDeploymentPostprocessing = 0;
		};
		FA56C4121CE95C870048B42A /* Resources */ = {
			isa = PBXResourcesBuildPhase;
			buildActionMask = 2147483647;
			files = (
			);
			runOnlyForDeploymentPostprocessing = 0;
		};
		FA56C41D1CE95C870048B42A /* Resources */ = {
			isa = PBXResourcesBuildPhase;
			buildActionMask = 2147483647;
			files = (
			);
			runOnlyForDeploymentPostprocessing = 0;
		};
/* End PBXResourcesBuildPhase section */

/* Begin PBXSourcesBuildPhase section */
		FA56C3F71CE95C870048B42A /* Sources */ = {
			isa = PBXSourcesBuildPhase;
			buildActionMask = 2147483647;
			files = (
				FA56C4061CE95C870048B42A /* ViewController.m in Sources */,
				FA56C4031CE95C870048B42A /* AppDelegate.m in Sources */,
				FA56C4001CE95C870048B42A /* main.m in Sources */,
			);
			runOnlyForDeploymentPostprocessing = 0;
		};
		FA56C4101CE95C870048B42A /* Sources */ = {
			isa = PBXSourcesBuildPhase;
			buildActionMask = 2147483647;
			files = (
				FA56C4191CE95C870048B42A /* ____Tests.m in Sources */,
			);
			runOnlyForDeploymentPostprocessing = 0;
		};
		FA56C41B1CE95C870048B42A /* Sources */ = {
			isa = PBXSourcesBuildPhase;
			buildActionMask = 2147483647;
			files = (
				FA56C4241CE95C870048B42A /* ____UITests.m in Sources */,
			);
			runOnlyForDeploymentPostprocessing = 0;
		};
/* End PBXSourcesBuildPhase section */

/* Begin PBXTargetDependency section */
		FA56C4161CE95C870048B42A /* PBXTargetDependency */ = {
			isa = PBXTargetDependency;
			target = FA56C3FA1CE95C870048B42A /* 友盟统计 */;
			targetProxy = FA56C4151CE95C870048B42A /* PBXContainerItemProxy */;
		};
		FA56C4211CE95C870048B42A /* PBXTargetDependency */ = {
			isa = PBXTargetDependency;
			target = FA56C3FA1CE95C870048B42A /* 友盟统计 */;
			targetProxy = FA56C4201CE95C870048B42A /* PBXContainerItemProxy */;
		};
/* End PBXTargetDependency section */

/* Begin PBXVariantGroup section */
		FA56C4071CE95C870048B42A /* Main.storyboard */ = {
			isa = PBXVariantGroup;
			children = (
				FA56C4081CE95C870048B42A /* Base */,
			);
			name = Main.storyboard;
			sourceTree = "<group>";
		};
		FA56C40C1CE95C870048B42A /* LaunchScreen.storyboard */ = {
			isa = PBXVariantGroup;
			children = (
				FA56C40D1CE95C870048B42A /* Base */,
			);
			name = LaunchScreen.storyboard;
			sourceTree = "<group>";
		};
/* End PBXVariantGroup section */

/* Begin XCBuildConfiguration section */
		FA56C4261CE95C870048B42A /* Debug */ = {
			isa = XCBuildConfiguration;
			buildSettings = {
				ALWAYS_SEARCH_USER_PATHS = NO;
				CLANG_ANALYZER_NONNULL = YES;
				CLANG_CXX_LANGUAGE_STANDARD = "gnu++0x";
				CLANG_CXX_LIBRARY = "libc++";
				CLANG_ENABLE_MODULES = YES;
				CLANG_ENABLE_OBJC_ARC = YES;
				CLANG_WARN_BOOL_CONVERSION = YES;
				CLANG_WARN_CONSTANT_CONVERSION = YES;
				CLANG_WARN_DIRECT_OBJC_ISA_USAGE = YES_ERROR;
				CLANG_WARN_EMPTY_BODY = YES;
				CLANG_WARN_ENUM_CONVERSION = YES;
				CLANG_WARN_INT_CONVERSION = YES;
				CLANG_WARN_OBJC_ROOT_CLASS = YES_ERROR;
				CLANG_WARN_UNREACHABLE_CODE = YES;
				CLANG_WARN__DUPLICATE_METHOD_MATCH = YES;
				"CODE_SIGN_IDENTITY[sdk=iphoneos*]" = "iPhone Developer";
				COPY_PHASE_STRIP = NO;
				DEBUG_INFORMATION_FORMAT = dwarf;
				ENABLE_STRICT_OBJC_MSGSEND = YES;
				ENABLE_TESTABILITY = YES;
				GCC_C_LANGUAGE_STANDARD = gnu99;
				GCC_DYNAMIC_NO_PIC = NO;
				GCC_NO_COMMON_BLOCKS = YES;
				GCC_OPTIMIZATION_LEVEL = 0;
				GCC_PREPROCESSOR_DEFINITIONS = (
					"DEBUG=1",
					"$(inherited)",
				);
				GCC_WARN_64_TO_32_BIT_CONVERSION = YES;
				GCC_WARN_ABOUT_RETURN_TYPE = YES_ERROR;
				GCC_WARN_UNDECLARED_SELECTOR = YES;
				GCC_WARN_UNINITIALIZED_AUTOS = YES_AGGRESSIVE;
				GCC_WARN_UNUSED_FUNCTION = YES;
				GCC_WARN_UNUSED_VARIABLE = YES;
				IPHONEOS_DEPLOYMENT_TARGET = 9.3;
				MTL_ENABLE_DEBUG_INFO = YES;
				ONLY_ACTIVE_ARCH = YES;
				SDKROOT = iphoneos;
				TARGETED_DEVICE_FAMILY = "1,2";
			};
			name = Debug;
		};
		FA56C4271CE95C870048B42A /* Release */ = {
			isa = XCBuildConfiguration;
			buildSettings = {
				ALWAYS_SEARCH_USER_PATHS = NO;
				CLANG_ANALYZER_NONNULL = YES;
				CLANG_CXX_LANGUAGE_STANDARD = "gnu++0x";
				CLANG_CXX_LIBRARY = "libc++";
				CLANG_ENABLE_MODULES = YES;
				CLANG_ENABLE_OBJC_ARC = YES;
				CLANG_WARN_BOOL_CONVERSION = YES;
				CLANG_WARN_CONSTANT_CONVERSION = YES;
				CLANG_WARN_DIRECT_OBJC_ISA_USAGE = YES_ERROR;
				CLANG_WARN_EMPTY_BODY = YES;
				CLANG_WARN_ENUM_CONVERSION = YES;
				CLANG_WARN_INT_CONVERSION = YES;
				CLANG_WARN_OBJC_ROOT_CLASS = YES_ERROR;
				CLANG_WARN_UNREACHABLE_CODE = YES;
				CLANG_WARN__DUPLICATE_METHOD_MATCH = YES;
				"CODE_SIGN_IDENTITY[sdk=iphoneos*]" = "iPhone Developer";
				COPY_PHASE_STRIP = NO;
				DEBUG_INFORMATION_FORMAT = "dwarf-with-dsym";
				ENABLE_NS_ASSERTIONS = NO;
				ENABLE_STRICT_OBJC_MSGSEND = YES;
				GCC_C_LANGUAGE_STANDARD = gnu99;
				GCC_NO_COMMON_BLOCKS = YES;
				GCC_WARN_64_TO_32_BIT_CONVERSION = YES;
				GCC_WARN_ABOUT_RETURN_TYPE = YES_ERROR;
				GCC_WARN_UNDECLARED_SELECTOR = YES;
				GCC_WARN_UNINITIALIZED_AUTOS = YES_AGGRESSIVE;
				GCC_WARN_UNUSED_FUNCTION = YES;
				GCC_WARN_UNUSED_VARIABLE = YES;
				IPHONEOS_DEPLOYMENT_TARGET = 9.3;
				MTL_ENABLE_DEBUG_INFO = NO;
				SDKROOT = iphoneos;
				TARGETED_DEVICE_FAMILY = "1,2";
				VALIDATE_PRODUCT = YES;
			};
			name = Release;
		};
		FA56C4291CE95C870048B42A /* Debug */ = {
			isa = XCBuildConfiguration;
			buildSettings = {
				ASSETCATALOG_COMPILER_APPICON_NAME = AppIcon;
				FRAMEWORK_SEARCH_PATHS = (
					"$(inherited)",
					"$(PROJECT_DIR)/友盟统计",
				);
				GCC_PREFIX_HEADER = "$(SRCROOT)/友盟统计/PrefixHeader.pch";
				INFOPLIST_FILE = "友盟统计/Info.plist";
				LD_RUNPATH_SEARCH_PATHS = "$(inherited) @executable_path/Frameworks";
				PRODUCT_BUNDLE_IDENTIFIER = "com.lvyouquan.----";
				PRODUCT_NAME = "$(TARGET_NAME)";
			};
			name = Debug;
		};
		FA56C42A1CE95C870048B42A /* Release */ = {
			isa = XCBuildConfiguration;
			buildSettings = {
				ASSETCATALOG_COMPILER_APPICON_NAME = AppIcon;
				FRAMEWORK_SEARCH_PATHS = (
					"$(inherited)",
					"$(PROJECT_DIR)/友盟统计",
				);
				GCC_PREFIX_HEADER = "$(SRCROOT)/友盟统计/PrefixHeader.pch";
				INFOPLIST_FILE = "友盟统计/Info.plist";
				LD_RUNPATH_SEARCH_PATHS = "$(inherited) @executable_path/Frameworks";
				PRODUCT_BUNDLE_IDENTIFIER = "com.lvyouquan.----";
				PRODUCT_NAME = "$(TARGET_NAME)";
			};
			name = Release;
		};
		FA56C42C1CE95C870048B42A /* Debug */ = {
			isa = XCBuildConfiguration;
			buildSettings = {
				BUNDLE_LOADER = "$(TEST_HOST)";
				INFOPLIST_FILE = "友盟统计Tests/Info.plist";
				LD_RUNPATH_SEARCH_PATHS = "$(inherited) @executable_path/Frameworks @loader_path/Frameworks";
				PRODUCT_BUNDLE_IDENTIFIER = "com.lvyouquan.----Tests";
				PRODUCT_NAME = "$(TARGET_NAME)";
				TEST_HOST = "$(BUILT_PRODUCTS_DIR)/友盟统计.app/友盟统计";
			};
			name = Debug;
		};
		FA56C42D1CE95C870048B42A /* Release */ = {
			isa = XCBuildConfiguration;
			buildSettings = {
				BUNDLE_LOADER = "$(TEST_HOST)";
				INFOPLIST_FILE = "友盟统计Tests/Info.plist";
				LD_RUNPATH_SEARCH_PATHS = "$(inherited) @executable_path/Frameworks @loader_path/Frameworks";
				PRODUCT_BUNDLE_IDENTIFIER = "com.lvyouquan.----Tests";
				PRODUCT_NAME = "$(TARGET_NAME)";
				TEST_HOST = "$(BUILT_PRODUCTS_DIR)/友盟统计.app/友盟统计";
			};
			name = Release;
		};
		FA56C42F1CE95C870048B42A /* Debug */ = {
			isa = XCBuildConfiguration;
			buildSettings = {
				INFOPLIST_FILE = "友盟统计UITests/Info.plist";
				LD_RUNPATH_SEARCH_PATHS = "$(inherited) @executable_path/Frameworks @loader_path/Frameworks";
				PRODUCT_BUNDLE_IDENTIFIER = "com.lvyouquan.----UITests";
				PRODUCT_NAME = "$(TARGET_NAME)";
				TEST_TARGET_NAME = "友盟统计";
			};
			name = Debug;
		};
		FA56C4301CE95C870048B42A /* Release */ = {
			isa = XCBuildConfiguration;
			buildSettings = {
				INFOPLIST_FILE = "友盟统计UITests/Info.plist";
				LD_RUNPATH_SEARCH_PATHS = "$(inherited) @executable_path/Frameworks @loader_path/Frameworks";
				PRODUCT_BUNDLE_IDENTIFIER = "com.lvyouquan.----UITests";
				PRODUCT_NAME = "$(TARGET_NAME)";
				TEST_TARGET_NAME = "友盟统计";
			};
			name = Release;
		};
/* End XCBuildConfiguration section */

/* Begin XCConfigurationList section */
		FA56C3F61CE95C870048B42A /* Build configuration list for PBXProject "友盟统计" */ = {
			isa = XCConfigurationList;
			buildConfigurations = (
				FA56C4261CE95C870048B42A /* Debug */,
				FA56C4271CE95C870048B42A /* Release */,
			);
			defaultConfigurationIsVisible = 0;
			defaultConfigurationName = Release;
		};
		FA56C4281CE95C870048B42A /* Build configuration list for PBXNativeTarget "友盟统计" */ = {
			isa = XCConfigurationList;
			buildConfigurations = (
				FA56C4291CE95C870048B42A /* Debug */,
				FA56C42A1CE95C870048B42A /* Release */,
			);
			defaultConfigurationIsVisible = 0;
			defaultConfigurationName = Release;
		};
		FA56C42B1CE95C870048B42A /* Build configuration list for PBXNativeTarget "友盟统计Tests" */ = {
			isa = XCConfigurationList;
			buildConfigurations = (
				FA56C42C1CE95C870048B42A /* Debug */,
				FA56C42D1CE95C870048B42A /* Release */,
			);
			defaultConfigurationIsVisible = 0;
			defaultConfigurationName = Release;
		};
		FA56C42E1CE95C870048B42A /* Build configuration list for PBXNativeTarget "友盟统计UITests" */ = {
			isa = XCConfigurationList;
			buildConfigurations = (
				FA56C42F1CE95C870048B42A /* Debug */,
				FA56C4301CE95C870048B42A /* Release */,
			);
			defaultConfigurationIsVisible = 0;
			defaultConfigurationName = Release;
		};
/* End XCConfigurationList section */
	};
	rootObject = FA56C3F31CE95C870048B42A /* Project object */;
}
